
Microsoft Visual Studio Solution File, Format Version 12.00
# Visual Studio Version 16
VisualStudioVersion = 16.0.30907.101
MinimumVisualStudioVersion = 10.0.40219.1
Project("{FAE04EC0-301F-11D3-BF4B-00C04F79EFBC}") = "WCFService_2Way_130", "WCFService_2Way_130\WCFService_2Way_130.csproj", "{029E0045-E9F5-44A6-98E6-808B6543ACC9}"
EndProject
Global
	GlobalSection(SolutionConfigurationPlatforms) = preSolution
		Debug|Any CPU = Debug|Any CPU
		Release|Any CPU = Release|Any CPU
	EndGlobalSection
	GlobalSection(ProjectConfigurationPlatforms) = postSolution
		{029E0045-E9F5-44A6-98E6-808B6543ACC9}.Debug|Any CPU.ActiveCfg = Debug|Any CPU
		{029E0045-E9F5-44A6-98E6-808B6543ACC9}.Debug|Any CPU.Build.0 = Debug|Any CPU
		{029E0045-E9F5-44A6-98E6-808B6543ACC9}.Release|Any CPU.ActiveCfg = Release|Any CPU
		{029E0045-E9F5-44A6-98E6-808B6543ACC9}.Release|Any CPU.Build.0 = Release|Any CPU
	EndGlobalSection
	GlobalSection(SolutionProperties) = preSolution
		HideSolutionNode = FALSE
	EndGlobalSection
	GlobalSection(ExtensibilityGlobals) = postSolution
		SolutionGuid = {FA1BE00B-AAF8-4838-A560-1C393BD05B3B}
	EndGlobalSection
EndGlobal
